
Microsoft Visual Studio Solution File, Format Version 12.00
# Visual Studio Version 16
VisualStudioVersion = 16.0.31624.102
MinimumVisualStudioVersion = 10.0.40219.1
Project("{FAE04EC0-301F-11D3-BF4B-00C04F79EFBC}") = "task7", "task7\task7.csproj", "{6C672586-2E2C-460D-AEA3-FBF69915BC42}"
EndProject
Global
	GlobalSection(SolutionConfigurationPlatforms) = preSolution
		Debug|Any CPU = Debug|Any CPU
		Release|Any CPU = Release|Any CPU
	EndGlobalSection
	GlobalSection(ProjectConfigurationPlatforms) = postSolution
		{6C672586-2E2C-460D-AEA3-FBF69915BC42}.Debug|Any CPU.ActiveCfg = Debug|Any CPU
		{6C672586-2E2C-460D-AEA3-FBF69915BC42}.Debug|Any CPU.Build.0 = Debug|Any CPU
		{6C672586-2E2C-460D-AEA3-FBF69915BC42}.Release|Any CPU.ActiveCfg = Release|Any CPU
		{6C672586-2E2C-460D-AEA3-FBF69915BC42}.Release|Any CPU.Build.0 = Release|Any CPU
	EndGlobalSection
	GlobalSection(SolutionProperties) = preSolution
		HideSolutionNode = FALSE
	EndGlobalSection
	GlobalSection(ExtensibilityGlobals) = postSolution
		SolutionGuid = {E70E6584-ACF0-47B6-9CC3-0B8D3CCB334C}
	EndGlobalSection
EndGlobal
